
Microsoft Visual Studio Solution File, Format Version 12.00
# Visual Studio 14
VisualStudioVersion = 14.0.25123.0
MinimumVisualStudioVersion = 10.0.40219.1
Project("{FAE04EC0-301F-11D3-BF4B-00C04F79EFBC}") = "SimpleConsole", "SimpleConsole\SimpleConsole.csproj", "{5A058CF5-5007-4BF5-8C4E-43B0B97580BE}"
EndProject
Project("{FAE04EC0-301F-11D3-BF4B-00C04F79EFBC}") = "TTSConsoleLib", "TTSConsoleLib\TTSConsoleLib.csproj", "{6431202A-0C7B-44E2-B57E-49A562EBA62F}"
EndProject
Project("{FAE04EC0-301F-11D3-BF4B-00C04F79EFBC}") = "ConsoleBOT", "ConsoleBOT\ConsoleBOT.csproj", "{A8BA1066-5695-4D71-ABB4-65E5A5E0C3D4}"
EndProject
Project("{FAE04EC0-301F-11D3-BF4B-00C04F79EFBC}") = "SimpleWPF", "SimpleWPF\SimpleWPF.csproj", "{C06609A9-7AC1-478D-B8BF-C7F233FBE748}"
EndProject
Global
	GlobalSection(SolutionConfigurationPlatforms) = preSolution
		Debug|Any CPU = Debug|Any CPU
		Release|Any CPU = Release|Any CPU
	EndGlobalSection
	GlobalSection(ProjectConfigurationPlatforms) = postSolution
		{5A058CF5-5007-4BF5-8C4E-43B0B97580BE}.Debug|Any CPU.ActiveCfg = Debug|Any CPU
		{5A058CF5-5007-4BF5-8C4E-43B0B97580BE}.Debug|Any CPU.Build.0 = Debug|Any CPU
		{5A058CF5-5007-4BF5-8C4E-43B0B97580BE}.Release|Any CPU.ActiveCfg = Release|Any CPU
		{5A058CF5-5007-4BF5-8C4E-43B0B97580BE}.Release|Any CPU.Build.0 = Release|Any CPU
		{6431202A-0C7B-44E2-B57E-49A562EBA62F}.Debug|Any CPU.ActiveCfg = Debug|Any CPU
		{6431202A-0C7B-44E2-B57E-49A562EBA62F}.Debug|Any CPU.Build.0 = Debug|Any CPU
		{6431202A-0C7B-44E2-B57E-49A562EBA62F}.Release|Any CPU.ActiveCfg = Release|Any CPU
		{6431202A-0C7B-44E2-B57E-49A562EBA62F}.Release|Any CPU.Build.0 = Release|Any CPU
		{A8BA1066-5695-4D71-ABB4-65E5A5E0C3D4}.Debug|Any CPU.ActiveCfg = Debug|Any CPU
		{A8BA1066-5695-4D71-ABB4-65E5A5E0C3D4}.Debug|Any CPU.Build.0 = Debug|Any CPU
		{A8BA1066-5695-4D71-ABB4-65E5A5E0C3D4}.Release|Any CPU.ActiveCfg = Release|Any CPU
		{A8BA1066-5695-4D71-ABB4-65E5A5E0C3D4}.Release|Any CPU.Build.0 = Release|Any CPU
		{C06609A9-7AC1-478D-B8BF-C7F233FBE748}.Debug|Any CPU.ActiveCfg = Debug|Any CPU
		{C06609A9-7AC1-478D-B8BF-C7F233FBE748}.Debug|Any CPU.Build.0 = Debug|Any CPU
		{C06609A9-7AC1-478D-B8BF-C7F233FBE748}.Release|Any CPU.ActiveCfg = Release|Any CPU
		{C06609A9-7AC1-478D-B8BF-C7F233FBE748}.Release|Any CPU.Build.0 = Release|Any CPU
	EndGlobalSection
	GlobalSection(SolutionProperties) = preSolution
		HideSolutionNode = FALSE
	EndGlobalSection
EndGlobal
